
Microsoft Visual Studio Solution File, Format Version 12.00
# Visual Studio Version 16
VisualStudioVersion = 16.0.30011.22
MinimumVisualStudioVersion = 10.0.40219.1
Project("{FAE04EC0-301F-11D3-BF4B-00C04F79EFBC}") = "Tea Shop", "Tea Shop\Tea Shop.csproj", "{2BE54844-29C4-4F8D-9B97-9E92B1BFB64F}"
EndProject
Project("{FAE04EC0-301F-11D3-BF4B-00C04F79EFBC}") = "Tea Shop.Tests", "Tea Shop.Tests\Tea Shop.Tests.csproj", "{EEAFE568-A7E3-4BF8-9CCF-21EBBDAAECAE}"
EndProject
Project("{FAE04EC0-301F-11D3-BF4B-00C04F79EFBC}") = "ShopBL", "ShopBL\ShopBL.csproj", "{4A3F2433-1FAE-49D1-81E9-2356C1D60763}"
EndProject
Project("{FAE04EC0-301F-11D3-BF4B-00C04F79EFBC}") = "ShopIBL", "ShopIBL\ShopIBL.csproj", "{DA6F8FDF-7CA3-4691-85D5-35B9A5EDED85}"
EndProject
Project("{FAE04EC0-301F-11D3-BF4B-00C04F79EFBC}") = "ShopData", "ShopData\ShopData.csproj", "{6C33E1E6-B713-49F9-947D-D4202BC9C7B4}"
EndProject
Project("{FAE04EC0-301F-11D3-BF4B-00C04F79EFBC}") = "ShopModel", "ShopModel\ShopModel.csproj", "{7600C833-7EC5-4182-B04F-102286B7ABA2}"
EndProject
Project("{FAE04EC0-301F-11D3-BF4B-00C04F79EFBC}") = "ShopAPI", "ShopAPI\ShopAPI.csproj", "{CF8CD4BD-20A6-431E-B144-08773DA2D1F4}"
EndProject
Project("{FAE04EC0-301F-11D3-BF4B-00C04F79EFBC}") = "ShopBLTest", "ShopBLTest\ShopBLTest.csproj", "{A55DDF55-7F62-41FD-9B0A-A35F524D00F5}"
EndProject
Project("{FAE04EC0-301F-11D3-BF4B-00C04F79EFBC}") = "ShopAPITest", "ShopAPITest\ShopAPITest.csproj", "{C64124E5-DD65-47B6-A94F-176B2BB657F0}"
EndProject
Global
	GlobalSection(SolutionConfigurationPlatforms) = preSolution
		Debug|Any CPU = Debug|Any CPU
		Release|Any CPU = Release|Any CPU
	EndGlobalSection
	GlobalSection(ProjectConfigurationPlatforms) = postSolution
		{2BE54844-29C4-4F8D-9B97-9E92B1BFB64F}.Debug|Any CPU.ActiveCfg = Debug|Any CPU
		{2BE54844-29C4-4F8D-9B97-9E92B1BFB64F}.Debug|Any CPU.Build.0 = Debug|Any CPU
		{2BE54844-29C4-4F8D-9B97-9E92B1BFB64F}.Release|Any CPU.ActiveCfg = Release|Any CPU
		{2BE54844-29C4-4F8D-9B97-9E92B1BFB64F}.Release|Any CPU.Build.0 = Release|Any CPU
		{EEAFE568-A7E3-4BF8-9CCF-21EBBDAAECAE}.Debug|Any CPU.ActiveCfg = Debug|Any CPU
		{EEAFE568-A7E3-4BF8-9CCF-21EBBDAAECAE}.Debug|Any CPU.Build.0 = Debug|Any CPU
		{EEAFE568-A7E3-4BF8-9CCF-21EBBDAAECAE}.Release|Any CPU.ActiveCfg = Release|Any CPU
		{EEAFE568-A7E3-4BF8-9CCF-21EBBDAAECAE}.Release|Any CPU.Build.0 = Release|Any CPU
		{4A3F2433-1FAE-49D1-81E9-2356C1D60763}.Debug|Any CPU.ActiveCfg = Debug|Any CPU
		{4A3F2433-1FAE-49D1-81E9-2356C1D60763}.Debug|Any CPU.Build.0 = Debug|Any CPU
		{4A3F2433-1FAE-49D1-81E9-2356C1D60763}.Release|Any CPU.ActiveCfg = Release|Any CPU
		{4A3F2433-1FAE-49D1-81E9-2356C1D60763}.Release|Any CPU.Build.0 = Release|Any CPU
		{DA6F8FDF-7CA3-4691-85D5-35B9A5EDED85}.Debug|Any CPU.ActiveCfg = Debug|Any CPU
		{DA6F8FDF-7CA3-4691-85D5-35B9A5EDED85}.Debug|Any CPU.Build.0 = Debug|Any CPU
		{DA6F8FDF-7CA3-4691-85D5-35B9A5EDED85}.Release|Any CPU.ActiveCfg = Release|Any CPU
		{DA6F8FDF-7CA3-4691-85D5-35B9A5EDED85}.Release|Any CPU.Build.0 = Release|Any CPU
		{6C33E1E6-B713-49F9-947D-D4202BC9C7B4}.Debug|Any CPU.ActiveCfg = Debug|Any CPU
		{6C33E1E6-B713-49F9-947D-D4202BC9C7B4}.Debug|Any CPU.Build.0 = Debug|Any CPU
		{6C33E1E6-B713-49F9-947D-D4202BC9C7B4}.Release|Any CPU.ActiveCfg = Release|Any CPU
		{6C33E1E6-B713-49F9-947D-D4202BC9C7B4}.Release|Any CPU.Build.0 = Release|Any CPU
		{7600C833-7EC5-4182-B04F-102286B7ABA2}.Debug|Any CPU.ActiveCfg = Debug|Any CPU
		{7600C833-7EC5-4182-B04F-102286B7ABA2}.Debug|Any CPU.Build.0 = Debug|Any CPU
		{7600C833-7EC5-4182-B04F-102286B7ABA2}.Release|Any CPU.ActiveCfg = Release|Any CPU
		{7600C833-7EC5-4182-B04F-102286B7ABA2}.Release|Any CPU.Build.0 = Release|Any CPU
		{CF8CD4BD-20A6-431E-B144-08773DA2D1F4}.Debug|Any CPU.ActiveCfg = Debug|Any CPU
		{CF8CD4BD-20A6-431E-B144-08773DA2D1F4}.Debug|Any CPU.Build.0 = Debug|Any CPU
		{CF8CD4BD-20A6-431E-B144-08773DA2D1F4}.Release|Any CPU.ActiveCfg = Release|Any CPU
		{CF8CD4BD-20A6-431E-B144-08773DA2D1F4}.Release|Any CPU.Build.0 = Release|Any CPU
		{A55DDF55-7F62-41FD-9B0A-A35F524D00F5}.Debug|Any CPU.ActiveCfg = Debug|Any CPU
		{A55DDF55-7F62-41FD-9B0A-A35F524D00F5}.Debug|Any CPU.Build.0 = Debug|Any CPU
		{A55DDF55-7F62-41FD-9B0A-A35F524D00F5}.Release|Any CPU.ActiveCfg = Release|Any CPU
		{A55DDF55-7F62-41FD-9B0A-A35F524D00F5}.Release|Any CPU.Build.0 = Release|Any CPU
		{C64124E5-DD65-47B6-A94F-176B2BB657F0}.Debug|Any CPU.ActiveCfg = Debug|Any CPU
		{C64124E5-DD65-47B6-A94F-176B2BB657F0}.Debug|Any CPU.Build.0 = Debug|Any CPU
		{C64124E5-DD65-47B6-A94F-176B2BB657F0}.Release|Any CPU.ActiveCfg = Release|Any CPU
		{C64124E5-DD65-47B6-A94F-176B2BB657F0}.Release|Any CPU.Build.0 = Release|Any CPU
	EndGlobalSection
	GlobalSection(SolutionProperties) = preSolution
		HideSolutionNode = FALSE
	EndGlobalSection
	GlobalSection(ExtensibilityGlobals) = postSolution
		SolutionGuid = {B9C13BA4-F448-4103-95E7-DDF407357FAB}
	EndGlobalSection
EndGlobal
