
Microsoft Visual Studio Solution File, Format Version 12.00
# Visual Studio Version 16
VisualStudioVersion = 16.0.30011.22
MinimumVisualStudioVersion = 10.0.40219.1
Project("{FAE04EC0-301F-11D3-BF4B-00C04F79EFBC}") = "Tea Shop", "Tea Shop\Tea Shop.csproj", "{2BE54844-29C4-4F8D-9B97-9E92B1BFB64F}"
EndProject
Project("{FAE04EC0-301F-11D3-BF4B-00C04F79EFBC}") = "Tea Shop.Tests", "Tea Shop.Tests\Tea Shop.Tests.csproj", "{EEAFE568-A7E3-4BF8-9CCF-21EBBDAAECAE}"
EndProject
Global
	GlobalSection(SolutionConfigurationPlatforms) = preSolution
		Debug|Any CPU = Debug|Any CPU
		Release|Any CPU = Release|Any CPU
	EndGlobalSection
	GlobalSection(ProjectConfigurationPlatforms) = postSolution
		{2BE54844-29C4-4F8D-9B97-9E92B1BFB64F}.Debug|Any CPU.ActiveCfg = Debug|Any CPU
		{2BE54844-29C4-4F8D-9B97-9E92B1BFB64F}.Debug|Any CPU.Build.0 = Debug|Any CPU
		{2BE54844-29C4-4F8D-9B97-9E92B1BFB64F}.Release|Any CPU.ActiveCfg = Release|Any CPU
		{2BE54844-29C4-4F8D-9B97-9E92B1BFB64F}.Release|Any CPU.Build.0 = Release|Any CPU
		{EEAFE568-A7E3-4BF8-9CCF-21EBBDAAECAE}.Debug|Any CPU.ActiveCfg = Debug|Any CPU
		{EEAFE568-A7E3-4BF8-9CCF-21EBBDAAECAE}.Debug|Any CPU.Build.0 = Debug|Any CPU
		{EEAFE568-A7E3-4BF8-9CCF-21EBBDAAECAE}.Release|Any CPU.ActiveCfg = Release|Any CPU
		{EEAFE568-A7E3-4BF8-9CCF-21EBBDAAECAE}.Release|Any CPU.Build.0 = Release|Any CPU
	EndGlobalSection
	GlobalSection(SolutionProperties) = preSolution
		HideSolutionNode = FALSE
	EndGlobalSection
	GlobalSection(ExtensibilityGlobals) = postSolution
		SolutionGuid = {B9C13BA4-F448-4103-95E7-DDF407357FAB}
	EndGlobalSection
EndGlobal
